
Microsoft Visual Studio Solution File, Format Version 12.00
# Visual Studio Version 17
VisualStudioVersion = 17.6.33723.286
MinimumVisualStudioVersion = 10.0.40219.1
Project("{FAE04EC0-301F-11D3-BF4B-00C04F79EFBC}") = "remove-double-quotes", "remove-double-quotes.csproj", "{9E85ED32-F10E-4202-A3FF-B4B15FC364A8}"
EndProject
Global
	GlobalSection(SolutionConfigurationPlatforms) = preSolution
		Debug|Any CPU = Debug|Any CPU
		Release|Any CPU = Release|Any CPU
	EndGlobalSection
	GlobalSection(ProjectConfigurationPlatforms) = postSolution
		{9E85ED32-F10E-4202-A3FF-B4B15FC364A8}.Debug|Any CPU.ActiveCfg = Debug|Any CPU
		{9E85ED32-F10E-4202-A3FF-B4B15FC364A8}.Debug|Any CPU.Build.0 = Debug|Any CPU
		{9E85ED32-F10E-4202-A3FF-B4B15FC364A8}.Release|Any CPU.ActiveCfg = Release|Any CPU
		{9E85ED32-F10E-4202-A3FF-B4B15FC364A8}.Release|Any CPU.Build.0 = Release|Any CPU
	EndGlobalSection
	GlobalSection(SolutionProperties) = preSolution
		HideSolutionNode = FALSE
	EndGlobalSection
	GlobalSection(ExtensibilityGlobals) = postSolution
		SolutionGuid = {833A266D-983E-43AD-9288-251AD99426AB}
	EndGlobalSection
EndGlobal
